// !$*UTF8*$!
{
	archiveVersion = 1;
	classes = {
	};
	objectVersion = 46;
	objects = {

/* Begin PBXBuildFile section */
		3601399E1D5A815E00BCABC3 /* UIScrollView+EmptyDataSet.m in Sources */ = {isa = PBXBuildFile; fileRef = 3601399D1D5A815E00BCABC3 /* UIScrollView+EmptyDataSet.m */; };
		360870201D4AEF2B006956B0 /* PulleyPassthroughScrollView.swift in Sources */ = {isa = PBXBuildFile; fileRef = 3608701F1D4AEF2B006956B0 /* PulleyPassthroughScrollView.swift */; };
		360870221D4AEF3A006956B0 /* PulleyViewController.swift in Sources */ = {isa = PBXBuildFile; fileRef = 360870211D4AEF3A006956B0 /* PulleyViewController.swift */; };
		361B5DDA1D357D2B00C9BCAA /* Business.swift in Sources */ = {isa = PBXBuildFile; fileRef = 361B5DD91D357D2B00C9BCAA /* Business.swift */; };
		361C26491D36D9650048B09B /* Reachability.swift in Sources */ = {isa = PBXBuildFile; fileRef = 361C26481D36D9650048B09B /* Reachability.swift */; };
		361C264B1D36D9A00048B09B /* PrimaryContentViewController.swift in Sources */ = {isa = PBXBuildFile; fileRef = 361C264A1D36D9A00048B09B /* PrimaryContentViewController.swift */; };
		362E1F531D33F5720062B9CD /* CustomPointAnnotation.swift in Sources */ = {isa = PBXBuildFile; fileRef = 362E1F521D33F5720062B9CD /* CustomPointAnnotation.swift */; };
		36600DAC1D486E5900FE4C53 /* CustomCell.swift in Sources */ = {isa = PBXBuildFile; fileRef = 36600DAB1D486E5900FE4C53 /* CustomCell.swift */; };
		36600DB21D49066F00FE4C53 /* DataManager.swift in Sources */ = {isa = PBXBuildFile; fileRef = 36600DB11D49066F00FE4C53 /* DataManager.swift */; };
		36850E9C1D3D2AE7006D4652 /* tidbits.swift in Sources */ = {isa = PBXBuildFile; fileRef = 36850E9B1D3D2AE7006D4652 /* tidbits.swift */; };
		3693CEC71D381AB7002DD8A7 /* YelpClient.swift in Sources */ = {isa = PBXBuildFile; fileRef = 3693CEC61D381AB7002DD8A7 /* YelpClient.swift */; };
		369942751D4696C300CA04B7 /* DrawerContentViewController.swift in Sources */ = {isa = PBXBuildFile; fileRef = 369942741D4696C300CA04B7 /* DrawerContentViewController.swift */; };
		36E112F21D2F1B6E00545BE0 /* AppDelegate.swift in Sources */ = {isa = PBXBuildFile; fileRef = 36E112F11D2F1B6E00545BE0 /* AppDelegate.swift */; };
		36E112F91D2F1B6E00545BE0 /* Assets.xcassets in Resources */ = {isa = PBXBuildFile; fileRef = 36E112F81D2F1B6E00545BE0 /* Assets.xcassets */; };
		36E112FC1D2F1B6E00545BE0 /* LaunchScreen.storyboard in Resources */ = {isa = PBXBuildFile; fileRef = 36E112FA1D2F1B6E00545BE0 /* LaunchScreen.storyboard */; };
		36E113071D2F1B6E00545BE0 /* GainscopeTests.swift in Sources */ = {isa = PBXBuildFile; fileRef = 36E113061D2F1B6E00545BE0 /* GainscopeTests.swift */; };
		36E113121D2F1B6E00545BE0 /* GainscopeUITests.swift in Sources */ = {isa = PBXBuildFile; fileRef = 36E113111D2F1B6E00545BE0 /* GainscopeUITests.swift */; };
		36E5FF5E1D50281400FD75B4 /* Main.storyboard in Resources */ = {isa = PBXBuildFile; fileRef = 36E5FF5D1D50281400FD75B4 /* Main.storyboard */; };
		3856EFC90E907C59F6E890E8 /* Pods_GainscopeTests.framework in Frameworks */ = {isa = PBXBuildFile; fileRef = 3C1964604D9B61A9574C2B54 /* Pods_GainscopeTests.framework */; };
		6C0D65A3B4C65F81EC346578 /* Pods_GainscopeUITests.framework in Frameworks */ = {isa = PBXBuildFile; fileRef = 90943E8BE96123A4FDC6F979 /* Pods_GainscopeUITests.framework */; };
		88216DED2AFCD0FA09E7A361 /* Pods_GainscopeTests.framework in Frameworks */ = {isa = PBXBuildFile; fileRef = 5984FD2EA53DB4BA1808A433 /* Pods_GainscopeTests.framework */; };
		950216C584C487B50EF4EE29 /* Pods_GainscopeUITests.framework in Frameworks */ = {isa = PBXBuildFile; fileRef = 8C133053896FB22B95D3C962 /* Pods_GainscopeUITests.framework */; };
		C4B2109142E0519661A17CD7 /* Pods_Gainscope.framework in Frameworks */ = {isa = PBXBuildFile; fileRef = 8493C8493AAF81F30C6C2BC5 /* Pods_Gainscope.framework */; };
		FD62ED5B12E4EC323AD21ADE /* Pods_Gainscope.framework in Frameworks */ = {isa = PBXBuildFile; fileRef = D883BEB467E66FADB9FE0AB9 /* Pods_Gainscope.framework */; };
/* End PBXBuildFile section */

/* Begin PBXContainerItemProxy section */
		36E113031D2F1B6E00545BE0 /* PBXContainerItemProxy */ = {
			isa = PBXContainerItemProxy;
			containerPortal = 36E112E61D2F1B6E00545BE0 /* Project object */;
			proxyType = 1;
			remoteGlobalIDString = 36E112ED1D2F1B6E00545BE0;
			remoteInfo = Gainscope;
		};
		36E1130E1D2F1B6E00545BE0 /* PBXContainerItemProxy */ = {
			isa = PBXContainerItemProxy;
			containerPortal = 36E112E61D2F1B6E00545BE0 /* Project object */;
			proxyType = 1;
			remoteGlobalIDString = 36E112ED1D2F1B6E00545BE0;
			remoteInfo = Gainscope;
		};
/* End PBXContainerItemProxy section */

/* Begin PBXFileReference section */
		07A4CB40585046541F9D3D17 /* Pods-GainscopeUITests.debug.xcconfig */ = {isa = PBXFileReference; includeInIndex = 1; lastKnownFileType = text.xcconfig; name = "Pods-GainscopeUITests.debug.xcconfig"; path = "Pods/Target Support Files/Pods-GainscopeUITests/Pods-GainscopeUITests.debug.xcconfig"; sourceTree = "<group>"; };
		1EEFE6ACE4339494B9BE057F /* Pods-GainscopeTests.release.xcconfig */ = {isa = PBXFileReference; includeInIndex = 1; lastKnownFileType = text.xcconfig; name = "Pods-GainscopeTests.release.xcconfig"; path = "Pods/Target Support Files/Pods-GainscopeTests/Pods-GainscopeTests.release.xcconfig"; sourceTree = "<group>"; };
		2992738D839A2221CB7050A9 /* Pods-GainscopeTests.release.xcconfig */ = {isa = PBXFileReference; includeInIndex = 1; lastKnownFileType = text.xcconfig; name = "Pods-GainscopeTests.release.xcconfig"; path = "Pods/Target Support Files/Pods-GainscopeTests/Pods-GainscopeTests.release.xcconfig"; sourceTree = "<group>"; };
		3601399D1D5A815E00BCABC3 /* UIScrollView+EmptyDataSet.m */ = {isa = PBXFileReference; fileEncoding = 4; lastKnownFileType = sourcecode.c.objc; path = "UIScrollView+EmptyDataSet.m"; sourceTree = "<group>"; };
		3601399F1D5A816600BCABC3 /* UIScrollView+EmptyDataSet.h */ = {isa = PBXFileReference; lastKnownFileType = sourcecode.c.h; path = "UIScrollView+EmptyDataSet.h"; sourceTree = "<group>"; };
		3608701F1D4AEF2B006956B0 /* PulleyPassthroughScrollView.swift */ = {isa = PBXFileReference; fileEncoding = 4; lastKnownFileType = sourcecode.swift; path = PulleyPassthroughScrollView.swift; sourceTree = "<group>"; };
		360870211D4AEF3A006956B0 /* PulleyViewController.swift */ = {isa = PBXFileReference; fileEncoding = 4; lastKnownFileType = sourcecode.swift; path = PulleyViewController.swift; sourceTree = "<group>"; };
		361B5DD91D357D2B00C9BCAA /* Business.swift */ = {isa = PBXFileReference; fileEncoding = 4; lastKnownFileType = sourcecode.swift; path = Business.swift; sourceTree = "<group>"; };
		361C26481D36D9650048B09B /* Reachability.swift */ = {isa = PBXFileReference; fileEncoding = 4; lastKnownFileType = sourcecode.swift; path = Reachability.swift; sourceTree = "<group>"; };
		361C264A1D36D9A00048B09B /* PrimaryContentViewController.swift */ = {isa = PBXFileReference; fileEncoding = 4; lastKnownFileType = sourcecode.swift; path = PrimaryContentViewController.swift; sourceTree = "<group>"; };
		362E1F521D33F5720062B9CD /* CustomPointAnnotation.swift */ = {isa = PBXFileReference; fileEncoding = 4; lastKnownFileType = sourcecode.swift; path = CustomPointAnnotation.swift; sourceTree = "<group>"; };
		36600DAB1D486E5900FE4C53 /* CustomCell.swift */ = {isa = PBXFileReference; fileEncoding = 4; lastKnownFileType = sourcecode.swift; path = CustomCell.swift; sourceTree = "<group>"; };
		36600DB11D49066F00FE4C53 /* DataManager.swift */ = {isa = PBXFileReference; fileEncoding = 4; lastKnownFileType = sourcecode.swift; path = DataManager.swift; sourceTree = "<group>"; };
		36850E9B1D3D2AE7006D4652 /* tidbits.swift */ = {isa = PBXFileReference; fileEncoding = 4; lastKnownFileType = sourcecode.swift; path = tidbits.swift; sourceTree = "<group>"; };
		368F0B181D5817CF00CD9F99 /* Gainscope-Bridging-Header.h */ = {isa = PBXFileReference; lastKnownFileType = sourcecode.c.h; path = "Gainscope-Bridging-Header.h"; sourceTree = "<group>"; };
		3693CEC61D381AB7002DD8A7 /* YelpClient.swift */ = {isa = PBXFileReference; fileEncoding = 4; lastKnownFileType = sourcecode.swift; path = YelpClient.swift; sourceTree = "<group>"; };
		369942741D4696C300CA04B7 /* DrawerContentViewController.swift */ = {isa = PBXFileReference; fileEncoding = 4; lastKnownFileType = sourcecode.swift; path = DrawerContentViewController.swift; sourceTree = "<group>"; };
		36E112EE1D2F1B6E00545BE0 /* Gainscope.app */ = {isa = PBXFileReference; explicitFileType = wrapper.application; includeInIndex = 0; path = Gainscope.app; sourceTree = BUILT_PRODUCTS_DIR; };
		36E112F11D2F1B6E00545BE0 /* AppDelegate.swift */ = {isa = PBXFileReference; lastKnownFileType = sourcecode.swift; path = AppDelegate.swift; sourceTree = "<group>"; };
		36E112F81D2F1B6E00545BE0 /* Assets.xcassets */ = {isa = PBXFileReference; lastKnownFileType = folder.assetcatalog; path = Assets.xcassets; sourceTree = "<group>"; };
		36E112FB1D2F1B6E00545BE0 /* Base */ = {isa = PBXFileReference; lastKnownFileType = file.storyboard; name = Base; path = Base.lproj/LaunchScreen.storyboard; sourceTree = "<group>"; };
		36E112FD1D2F1B6E00545BE0 /* Info.plist */ = {isa = PBXFileReference; lastKnownFileType = text.plist.xml; path = Info.plist; sourceTree = "<group>"; };
		36E113021D2F1B6E00545BE0 /* GainscopeTests.xctest */ = {isa = PBXFileReference; explicitFileType = wrapper.cfbundle; includeInIndex = 0; path = GainscopeTests.xctest; sourceTree = BUILT_PRODUCTS_DIR; };
		36E113061D2F1B6E00545BE0 /* GainscopeTests.swift */ = {isa = PBXFileReference; lastKnownFileType = sourcecode.swift; path = GainscopeTests.swift; sourceTree = "<group>"; };
		36E113081D2F1B6E00545BE0 /* Info.plist */ = {isa = PBXFileReference; lastKnownFileType = text.plist.xml; path = Info.plist; sourceTree = "<group>"; };
		36E1130D1D2F1B6E00545BE0 /* GainscopeUITests.xctest */ = {isa = PBXFileReference; explicitFileType = wrapper.cfbundle; includeInIndex = 0; path = GainscopeUITests.xctest; sourceTree = BUILT_PRODUCTS_DIR; };
		36E113111D2F1B6E00545BE0 /* GainscopeUITests.swift */ = {isa = PBXFileReference; lastKnownFileType = sourcecode.swift; path = GainscopeUITests.swift; sourceTree = "<group>"; };
		36E113131D2F1B6E00545BE0 /* Info.plist */ = {isa = PBXFileReference; lastKnownFileType = text.plist.xml; path = Info.plist; sourceTree = "<group>"; };
		36E5FF5D1D50281400FD75B4 /* Main.storyboard */ = {isa = PBXFileReference; fileEncoding = 4; lastKnownFileType = file.storyboard; path = Main.storyboard; sourceTree = "<group>"; };
		3C1964604D9B61A9574C2B54 /* Pods_GainscopeTests.framework */ = {isa = PBXFileReference; explicitFileType = wrapper.framework; includeInIndex = 0; path = Pods_GainscopeTests.framework; sourceTree = BUILT_PRODUCTS_DIR; };
		3E66CA734C9F0B0F0EE8169E /* Pods-Gainscope.debug.xcconfig */ = {isa = PBXFileReference; includeInIndex = 1; lastKnownFileType = text.xcconfig; name = "Pods-Gainscope.debug.xcconfig"; path = "Pods/Target Support Files/Pods-Gainscope/Pods-Gainscope.debug.xcconfig"; sourceTree = "<group>"; };
		5984FD2EA53DB4BA1808A433 /* Pods_GainscopeTests.framework */ = {isa = PBXFileReference; explicitFileType = wrapper.framework; includeInIndex = 0; path = Pods_GainscopeTests.framework; sourceTree = BUILT_PRODUCTS_DIR; };
		72A03480028FF00F66631227 /* Pods-Gainscope.release.xcconfig */ = {isa = PBXFileReference; includeInIndex = 1; lastKnownFileType = text.xcconfig; name = "Pods-Gainscope.release.xcconfig"; path = "Pods/Target Support Files/Pods-Gainscope/Pods-Gainscope.release.xcconfig"; sourceTree = "<group>"; };
		72C0E9A08B7F7AE27FB6C097 /* Pods-Gainscope.debug.xcconfig */ = {isa = PBXFileReference; includeInIndex = 1; lastKnownFileType = text.xcconfig; name = "Pods-Gainscope.debug.xcconfig"; path = "Pods/Target Support Files/Pods-Gainscope/Pods-Gainscope.debug.xcconfig"; sourceTree = "<group>"; };
		778A6349F48E0E0CA140A0DB /* Pods-GainscopeTests.debug.xcconfig */ = {isa = PBXFileReference; includeInIndex = 1; lastKnownFileType = text.xcconfig; name = "Pods-GainscopeTests.debug.xcconfig"; path = "Pods/Target Support Files/Pods-GainscopeTests/Pods-GainscopeTests.debug.xcconfig"; sourceTree = "<group>"; };
		792347157D3986308F048C04 /* Pods-GainscopeUITests.release.xcconfig */ = {isa = PBXFileReference; includeInIndex = 1; lastKnownFileType = text.xcconfig; name = "Pods-GainscopeUITests.release.xcconfig"; path = "Pods/Target Support Files/Pods-GainscopeUITests/Pods-GainscopeUITests.release.xcconfig"; sourceTree = "<group>"; };
		8493C8493AAF81F30C6C2BC5 /* Pods_Gainscope.framework */ = {isa = PBXFileReference; explicitFileType = wrapper.framework; includeInIndex = 0; path = Pods_Gainscope.framework; sourceTree = BUILT_PRODUCTS_DIR; };
		8C133053896FB22B95D3C962 /* Pods_GainscopeUITests.framework */ = {isa = PBXFileReference; explicitFileType = wrapper.framework; includeInIndex = 0; path = Pods_GainscopeUITests.framework; sourceTree = BUILT_PRODUCTS_DIR; };
		8FA588771522E45DF3AEBFF8 /* Pods-GainscopeTests.debug.xcconfig */ = {isa = PBXFileReference; includeInIndex = 1; lastKnownFileType = text.xcconfig; name = "Pods-GainscopeTests.debug.xcconfig"; path = "Pods/Target Support Files/Pods-GainscopeTests/Pods-GainscopeTests.debug.xcconfig"; sourceTree = "<group>"; };
		90943E8BE96123A4FDC6F979 /* Pods_GainscopeUITests.framework */ = {isa = PBXFileReference; explicitFileType = wrapper.framework; includeInIndex = 0; path = Pods_GainscopeUITests.framework; sourceTree = BUILT_PRODUCTS_DIR; };
		94F9393E1849C110FBADCB2F /* Pods-GainscopeUITests.debug.xcconfig */ = {isa = PBXFileReference; includeInIndex = 1; lastKnownFileType = text.xcconfig; name = "Pods-GainscopeUITests.debug.xcconfig"; path = "Pods/Target Support Files/Pods-GainscopeUITests/Pods-GainscopeUITests.debug.xcconfig"; sourceTree = "<group>"; };
		D883BEB467E66FADB9FE0AB9 /* Pods_Gainscope.framework */ = {isa = PBXFileReference; explicitFileType = wrapper.framework; includeInIndex = 0; path = Pods_Gainscope.framework; sourceTree = BUILT_PRODUCTS_DIR; };
		EC51C65992FB099EAEEEFB4B /* Pods-Gainscope.release.xcconfig */ = {isa = PBXFileReference; includeInIndex = 1; lastKnownFileType = text.xcconfig; name = "Pods-Gainscope.release.xcconfig"; path = "Pods/Target Support Files/Pods-Gainscope/Pods-Gainscope.release.xcconfig"; sourceTree = "<group>"; };
		FAB2F9367BB94F3F90402A28 /* Pods-GainscopeUITests.release.xcconfig */ = {isa = PBXFileReference; includeInIndex = 1; lastKnownFileType = text.xcconfig; name = "Pods-GainscopeUITests.release.xcconfig"; path = "Pods/Target Support Files/Pods-GainscopeUITests/Pods-GainscopeUITests.release.xcconfig"; sourceTree = "<group>"; };
/* End PBXFileReference section */

/* Begin PBXFrameworksBuildPhase section */
		36E112EB1D2F1B6E00545BE0 /* Frameworks */ = {
			isa = PBXFrameworksBuildPhase;
			buildActionMask = 2147483647;
			files = (
				C4B2109142E0519661A17CD7 /* Pods_Gainscope.framework in Frameworks */,
				FD62ED5B12E4EC323AD21ADE /* Pods_Gainscope.framework in Frameworks */,
			);
			runOnlyForDeploymentPostprocessing = 0;
		};
		36E112FF1D2F1B6E00545BE0 /* Frameworks */ = {
			isa = PBXFrameworksBuildPhase;
			buildActionMask = 2147483647;
			files = (
				88216DED2AFCD0FA09E7A361 /* Pods_GainscopeTests.framework in Frameworks */,
				3856EFC90E907C59F6E890E8 /* Pods_GainscopeTests.framework in Frameworks */,
			);
			runOnlyForDeploymentPostprocessing = 0;
		};
		36E1130A1D2F1B6E00545BE0 /* Frameworks */ = {
			isa = PBXFrameworksBuildPhase;
			buildActionMask = 2147483647;
			files = (
				6C0D65A3B4C65F81EC346578 /* Pods_GainscopeUITests.framework in Frameworks */,
				950216C584C487B50EF4EE29 /* Pods_GainscopeUITests.framework in Frameworks */,
			);
			runOnlyForDeploymentPostprocessing = 0;
		};
/* End PBXFrameworksBuildPhase section */

/* Begin PBXGroup section */
		199568547C988955801BAB93 /* Frameworks */ = {
			isa = PBXGroup;
			children = (
				8493C8493AAF81F30C6C2BC5 /* Pods_Gainscope.framework */,
				5984FD2EA53DB4BA1808A433 /* Pods_GainscopeTests.framework */,
				90943E8BE96123A4FDC6F979 /* Pods_GainscopeUITests.framework */,
			);
			name = Frameworks;
			sourceTree = "<group>";
		};
		1EAD1DC1CB0B454A7FBAD614 /* Pods */ = {
			isa = PBXGroup;
			children = (
				3E66CA734C9F0B0F0EE8169E /* Pods-Gainscope.debug.xcconfig */,
				EC51C65992FB099EAEEEFB4B /* Pods-Gainscope.release.xcconfig */,
				778A6349F48E0E0CA140A0DB /* Pods-GainscopeTests.debug.xcconfig */,
				2992738D839A2221CB7050A9 /* Pods-GainscopeTests.release.xcconfig */,
				94F9393E1849C110FBADCB2F /* Pods-GainscopeUITests.debug.xcconfig */,
				FAB2F9367BB94F3F90402A28 /* Pods-GainscopeUITests.release.xcconfig */,
			);
			name = Pods;
			sourceTree = "<group>";
		};
		361B5DDB1D3581DF00C9BCAA /* Other files */ = {
			isa = PBXGroup;
			children = (
				36E113051D2F1B6E00545BE0 /* GainscopeTests */,
				36E113101D2F1B6E00545BE0 /* GainscopeUITests */,
				36E112EF1D2F1B6E00545BE0 /* Products */,
				641E801D66BC6C032F2DFDA5 /* Pods */,
				199568547C988955801BAB93 /* Frameworks */,
			);
			name = "Other files";
			sourceTree = "<group>";
		};
		361B5DDC1D3581E800C9BCAA /* MVC */ = {
			isa = PBXGroup;
			children = (
				363005221D2F1F5E00420D2D /* Models */,
				363005231D2F1F6400420D2D /* Controllers */,
				363005241D2F1F7400420D2D /* Views */,
			);
			name = MVC;
			sourceTree = "<group>";
		};
		3630051D1D2F1D1100420D2D /* Yelp API */ = {
			isa = PBXGroup;
			children = (
				361B5DD91D357D2B00C9BCAA /* Business.swift */,
				3693CEC61D381AB7002DD8A7 /* YelpClient.swift */,
			);
			name = "Yelp API";
			sourceTree = "<group>";
		};
		3630051E1D2F1D3D00420D2D /* Other files */ = {
			isa = PBXGroup;
			children = (
				368F0B181D5817CF00CD9F99 /* Gainscope-Bridging-Header.h */,
				36E112F11D2F1B6E00545BE0 /* AppDelegate.swift */,
				36850E9B1D3D2AE7006D4652 /* tidbits.swift */,
			);
			name = "Other files";
			sourceTree = "<group>";
		};
		363005221D2F1F5E00420D2D /* Models */ = {
			isa = PBXGroup;
			children = (
				361C26481D36D9650048B09B /* Reachability.swift */,
				3630051D1D2F1D1100420D2D /* Yelp API */,
			);
			name = Models;
			sourceTree = "<group>";
		};
		363005231D2F1F6400420D2D /* Controllers */ = {
			isa = PBXGroup;
			children = (
				368F0B191D5817F400CD9F99 /* DZNEmptyDataSet */,
				36600DAA1D47BA3B00FE4C53 /* Pulley */,
				362E1F521D33F5720062B9CD /* CustomPointAnnotation.swift */,
				36600DAB1D486E5900FE4C53 /* CustomCell.swift */,
				36600DB11D49066F00FE4C53 /* DataManager.swift */,
				361C264A1D36D9A00048B09B /* PrimaryContentViewController.swift */,
				369942741D4696C300CA04B7 /* DrawerContentViewController.swift */,
			);
			name = Controllers;
			sourceTree = "<group>";
		};
		363005241D2F1F7400420D2D /* Views */ = {
			isa = PBXGroup;
			children = (
				36E112FA1D2F1B6E00545BE0 /* LaunchScreen.storyboard */,
				36E5FF5D1D50281400FD75B4 /* Main.storyboard */,
				36E112F81D2F1B6E00545BE0 /* Assets.xcassets */,
			);
			name = Views;
			sourceTree = "<group>";
		};
		36600DAA1D47BA3B00FE4C53 /* Pulley */ = {
			isa = PBXGroup;
			children = (
				3608701F1D4AEF2B006956B0 /* PulleyPassthroughScrollView.swift */,
				360870211D4AEF3A006956B0 /* PulleyViewController.swift */,
			);
			name = Pulley;
			sourceTree = "<group>";
		};
		368F0B191D5817F400CD9F99 /* DZNEmptyDataSet */ = {
			isa = PBXGroup;
			children = (
				3601399D1D5A815E00BCABC3 /* UIScrollView+EmptyDataSet.m */,
				3601399F1D5A816600BCABC3 /* UIScrollView+EmptyDataSet.h */,
			);
			name = DZNEmptyDataSet;
			sourceTree = "<group>";
		};
		36E112E51D2F1B6E00545BE0 = {
			isa = PBXGroup;
			children = (
				36E112F01D2F1B6E00545BE0 /* Gainscope */,
				361B5DDB1D3581DF00C9BCAA /* Other files */,
				1EAD1DC1CB0B454A7FBAD614 /* Pods */,
				402E50876A1F3F5AD19A54B1 /* Frameworks */,
			);
			sourceTree = "<group>";
		};
		36E112EF1D2F1B6E00545BE0 /* Products */ = {
			isa = PBXGroup;
			children = (
				36E112EE1D2F1B6E00545BE0 /* Gainscope.app */,
				36E113021D2F1B6E00545BE0 /* GainscopeTests.xctest */,
				36E1130D1D2F1B6E00545BE0 /* GainscopeUITests.xctest */,
			);
			name = Products;
			sourceTree = "<group>";
		};
		36E112F01D2F1B6E00545BE0 /* Gainscope */ = {
			isa = PBXGroup;
			children = (
				361B5DDC1D3581E800C9BCAA /* MVC */,
				3630051E1D2F1D3D00420D2D /* Other files */,
				36E112FD1D2F1B6E00545BE0 /* Info.plist */,
			);
			path = Gainscope;
			sourceTree = "<group>";
		};
		36E113051D2F1B6E00545BE0 /* GainscopeTests */ = {
			isa = PBXGroup;
			children = (
				36E113061D2F1B6E00545BE0 /* GainscopeTests.swift */,
				36E113081D2F1B6E00545BE0 /* Info.plist */,
			);
			path = GainscopeTests;
			sourceTree = "<group>";
		};
		36E113101D2F1B6E00545BE0 /* GainscopeUITests */ = {
			isa = PBXGroup;
			children = (
				36E113111D2F1B6E00545BE0 /* GainscopeUITests.swift */,
				36E113131D2F1B6E00545BE0 /* Info.plist */,
			);
			path = GainscopeUITests;
			sourceTree = "<group>";
		};
		402E50876A1F3F5AD19A54B1 /* Frameworks */ = {
			isa = PBXGroup;
			children = (
				D883BEB467E66FADB9FE0AB9 /* Pods_Gainscope.framework */,
				3C1964604D9B61A9574C2B54 /* Pods_GainscopeTests.framework */,
				8C133053896FB22B95D3C962 /* Pods_GainscopeUITests.framework */,
			);
			name = Frameworks;
			sourceTree = "<group>";
		};
		641E801D66BC6C032F2DFDA5 /* Pods */ = {
			isa = PBXGroup;
			children = (
				72C0E9A08B7F7AE27FB6C097 /* Pods-Gainscope.debug.xcconfig */,
				72A03480028FF00F66631227 /* Pods-Gainscope.release.xcconfig */,
				8FA588771522E45DF3AEBFF8 /* Pods-GainscopeTests.debug.xcconfig */,
				1EEFE6ACE4339494B9BE057F /* Pods-GainscopeTests.release.xcconfig */,
				07A4CB40585046541F9D3D17 /* Pods-GainscopeUITests.debug.xcconfig */,
				792347157D3986308F048C04 /* Pods-GainscopeUITests.release.xcconfig */,
			);
			name = Pods;
			sourceTree = "<group>";
		};
/* End PBXGroup section */

/* Begin PBXNativeTarget section */
		36E112ED1D2F1B6E00545BE0 /* Gainscope */ = {
			isa = PBXNativeTarget;
			buildConfigurationList = 36E113161D2F1B6E00545BE0 /* Build configuration list for PBXNativeTarget "Gainscope" */;
			buildPhases = (
				493F189CA8E1D336DFC4F3FF /* 📦 Check Pods Manifest.lock */,
				36E112EA1D2F1B6E00545BE0 /* Sources */,
				36E112EB1D2F1B6E00545BE0 /* Frameworks */,
				36E112EC1D2F1B6E00545BE0 /* Resources */,
				F3AE90B949BB85718010571A /* 📦 Embed Pods Frameworks */,
				5D5CC49DE2FABE78B4D936F8 /* 📦 Copy Pods Resources */,
			);
			buildRules = (
			);
			dependencies = (
			);
			name = Gainscope;
			productName = Gainscope;
			productReference = 36E112EE1D2F1B6E00545BE0 /* Gainscope.app */;
			productType = "com.apple.product-type.application";
		};
		36E113011D2F1B6E00545BE0 /* GainscopeTests */ = {
			isa = PBXNativeTarget;
			buildConfigurationList = 36E113191D2F1B6E00545BE0 /* Build configuration list for PBXNativeTarget "GainscopeTests" */;
			buildPhases = (
				DC3BC6E99EA974078E5A308D /* 📦 Check Pods Manifest.lock */,
				36E112FE1D2F1B6E00545BE0 /* Sources */,
				36E112FF1D2F1B6E00545BE0 /* Frameworks */,
				36E113001D2F1B6E00545BE0 /* Resources */,
				311ED0425F060785DD84AE99 /* 📦 Embed Pods Frameworks */,
				16BCB4AC35CBB4E1CE20AA7F /* 📦 Copy Pods Resources */,
			);
			buildRules = (
			);
			dependencies = (
				36E113041D2F1B6E00545BE0 /* PBXTargetDependency */,
			);
			name = GainscopeTests;
			productName = GainscopeTests;
			productReference = 36E113021D2F1B6E00545BE0 /* GainscopeTests.xctest */;
			productType = "com.apple.product-type.bundle.unit-test";
		};
		36E1130C1D2F1B6E00545BE0 /* GainscopeUITests */ = {
			isa = PBXNativeTarget;
			buildConfigurationList = 36E1131C1D2F1B6E00545BE0 /* Build configuration list for PBXNativeTarget "GainscopeUITests" */;
			buildPhases = (
				B10683CCC9D6CA4082B7737C /* 📦 Check Pods Manifest.lock */,
				36E113091D2F1B6E00545BE0 /* Sources */,
				36E1130A1D2F1B6E00545BE0 /* Frameworks */,
				36E1130B1D2F1B6E00545BE0 /* Resources */,
				58C82E1CBCE16B900030C09A /* 📦 Copy Pods Resources */,
			);
			buildRules = (
			);
			dependencies = (
				36E1130F1D2F1B6E00545BE0 /* PBXTargetDependency */,
			);
			name = GainscopeUITests;
			productName = GainscopeUITests;
			productReference = 36E1130D1D2F1B6E00545BE0 /* GainscopeUITests.xctest */;
			productType = "com.apple.product-type.bundle.ui-testing";
		};
/* End PBXNativeTarget section */

/* Begin PBXProject section */
		36E112E61D2F1B6E00545BE0 /* Project object */ = {
			isa = PBXProject;
			attributes = {
				LastSwiftUpdateCheck = 0730;
				LastUpgradeCheck = 0800;
				ORGANIZATIONNAME = Angert;
				TargetAttributes = {
					36E112ED1D2F1B6E00545BE0 = {
						CreatedOnToolsVersion = 7.3.1;
						LastSwiftMigration = 0800;
					};
					36E113011D2F1B6E00545BE0 = {
						CreatedOnToolsVersion = 7.3.1;
						LastSwiftMigration = 0800;
						TestTargetID = 36E112ED1D2F1B6E00545BE0;
					};
					36E1130C1D2F1B6E00545BE0 = {
						CreatedOnToolsVersion = 7.3.1;
						LastSwiftMigration = 0800;
						TestTargetID = 36E112ED1D2F1B6E00545BE0;
					};
				};
			};
			buildConfigurationList = 36E112E91D2F1B6E00545BE0 /* Build configuration list for PBXProject "Gainscope" */;
			compatibilityVersion = "Xcode 3.2";
			developmentRegion = English;
			hasScannedForEncodings = 0;
			knownRegions = (
				en,
				Base,
			);
			mainGroup = 36E112E51D2F1B6E00545BE0;
			productRefGroup = 36E112EF1D2F1B6E00545BE0 /* Products */;
			projectDirPath = "";
			projectRoot = "";
			targets = (
				36E112ED1D2F1B6E00545BE0 /* Gainscope */,
				36E113011D2F1B6E00545BE0 /* GainscopeTests */,
				36E1130C1D2F1B6E00545BE0 /* GainscopeUITests */,
			);
		};
/* End PBXProject section */

/* Begin PBXResourcesBuildPhase section */
		36E112EC1D2F1B6E00545BE0 /* Resources */ = {
			isa = PBXResourcesBuildPhase;
			buildActionMask = 2147483647;
			files = (
				36E112FC1D2F1B6E00545BE0 /* LaunchScreen.storyboard in Resources */,
				36E112F91D2F1B6E00545BE0 /* Assets.xcassets in Resources */,
				36E5FF5E1D50281400FD75B4 /* Main.storyboard in Resources */,
			);
			runOnlyForDeploymentPostprocessing = 0;
		};
		36E113001D2F1B6E00545BE0 /* Resources */ = {
			isa = PBXResourcesBuildPhase;
			buildActionMask = 2147483647;
			files = (
			);
			runOnlyForDeploymentPostprocessing = 0;
		};
		36E1130B1D2F1B6E00545BE0 /* Resources */ = {
			isa = PBXResourcesBuildPhase;
			buildActionMask = 2147483647;
			files = (
			);
			runOnlyForDeploymentPostprocessing = 0;
		};
/* End PBXResourcesBuildPhase section */

/* Begin PBXShellScriptBuildPhase section */
		16BCB4AC35CBB4E1CE20AA7F /* 📦 Copy Pods Resources */ = {
			isa = PBXShellScriptBuildPhase;
			buildActionMask = 2147483647;
			files = (
			);
			inputPaths = (
			);
			name = "📦 Copy Pods Resources";
			outputPaths = (
			);
			runOnlyForDeploymentPostprocessing = 0;
			shellPath = /bin/sh;
			shellScript = "\"${SRCROOT}/Pods/Target Support Files/Pods-GainscopeTests/Pods-GainscopeTests-resources.sh\"\n";
			showEnvVarsInLog = 0;
		};
		311ED0425F060785DD84AE99 /* 📦 Embed Pods Frameworks */ = {
			isa = PBXShellScriptBuildPhase;
			buildActionMask = 2147483647;
			files = (
			);
			inputPaths = (
			);
			name = "📦 Embed Pods Frameworks";
			outputPaths = (
			);
			runOnlyForDeploymentPostprocessing = 0;
			shellPath = /bin/sh;
			shellScript = "\"${SRCROOT}/Pods/Target Support Files/Pods-GainscopeTests/Pods-GainscopeTests-frameworks.sh\"\n";
			showEnvVarsInLog = 0;
		};
		493F189CA8E1D336DFC4F3FF /* 📦 Check Pods Manifest.lock */ = {
			isa = PBXShellScriptBuildPhase;
			buildActionMask = 2147483647;
			files = (
			);
			inputPaths = (
			);
			name = "📦 Check Pods Manifest.lock";
			outputPaths = (
			);
			runOnlyForDeploymentPostprocessing = 0;
			shellPath = /bin/sh;
			shellScript = "diff \"${PODS_ROOT}/../Podfile.lock\" \"${PODS_ROOT}/Manifest.lock\" > /dev/null\nif [[ $? != 0 ]] ; then\n    cat << EOM\nerror: The sandbox is not in sync with the Podfile.lock. Run 'pod install' or update your CocoaPods installation.\nEOM\n    exit 1\nfi\n";
			showEnvVarsInLog = 0;
		};
		58C82E1CBCE16B900030C09A /* 📦 Copy Pods Resources */ = {
			isa = PBXShellScriptBuildPhase;
			buildActionMask = 2147483647;
			files = (
			);
			inputPaths = (
			);
			name = "📦 Copy Pods Resources";
			outputPaths = (
			);
			runOnlyForDeploymentPostprocessing = 0;
			shellPath = /bin/sh;
			shellScript = "\"${SRCROOT}/Pods/Target Support Files/Pods-GainscopeUITests/Pods-GainscopeUITests-resources.sh\"\n";
			showEnvVarsInLog = 0;
		};
		5D5CC49DE2FABE78B4D936F8 /* 📦 Copy Pods Resources */ = {
			isa = PBXShellScriptBuildPhase;
			buildActionMask = 2147483647;
			files = (
			);
			inputPaths = (
			);
			name = "📦 Copy Pods Resources";
			outputPaths = (
			);
			runOnlyForDeploymentPostprocessing = 0;
			shellPath = /bin/sh;
			shellScript = "\"${SRCROOT}/Pods/Target Support Files/Pods-Gainscope/Pods-Gainscope-resources.sh\"\n";
			showEnvVarsInLog = 0;
		};
		B10683CCC9D6CA4082B7737C /* 📦 Check Pods Manifest.lock */ = {
			isa = PBXShellScriptBuildPhase;
			buildActionMask = 2147483647;
			files = (
			);
			inputPaths = (
			);
			name = "📦 Check Pods Manifest.lock";
			outputPaths = (
			);
			runOnlyForDeploymentPostprocessing = 0;
			shellPath = /bin/sh;
			shellScript = "diff \"${PODS_ROOT}/../Podfile.lock\" \"${PODS_ROOT}/Manifest.lock\" > /dev/null\nif [[ $? != 0 ]] ; then\n    cat << EOM\nerror: The sandbox is not in sync with the Podfile.lock. Run 'pod install' or update your CocoaPods installation.\nEOM\n    exit 1\nfi\n";
			showEnvVarsInLog = 0;
		};
		DC3BC6E99EA974078E5A308D /* 📦 Check Pods Manifest.lock */ = {
			isa = PBXShellScriptBuildPhase;
			buildActionMask = 2147483647;
			files = (
			);
			inputPaths = (
			);
			name = "📦 Check Pods Manifest.lock";
			outputPaths = (
			);
			runOnlyForDeploymentPostprocessing = 0;
			shellPath = /bin/sh;
			shellScript = "diff \"${PODS_ROOT}/../Podfile.lock\" \"${PODS_ROOT}/Manifest.lock\" > /dev/null\nif [[ $? != 0 ]] ; then\n    cat << EOM\nerror: The sandbox is not in sync with the Podfile.lock. Run 'pod install' or update your CocoaPods installation.\nEOM\n    exit 1\nfi\n";
			showEnvVarsInLog = 0;
		};
		F3AE90B949BB85718010571A /* 📦 Embed Pods Frameworks */ = {
			isa = PBXShellScriptBuildPhase;
			buildActionMask = 2147483647;
			files = (
			);
			inputPaths = (
			);
			name = "📦 Embed Pods Frameworks";
			outputPaths = (
			);
			runOnlyForDeploymentPostprocessing = 0;
			shellPath = /bin/sh;
			shellScript = "\"${SRCROOT}/Pods/Target Support Files/Pods-Gainscope/Pods-Gainscope-frameworks.sh\"\n";
			showEnvVarsInLog = 0;
		};
/* End PBXShellScriptBuildPhase section */

/* Begin PBXSourcesBuildPhase section */
		36E112EA1D2F1B6E00545BE0 /* Sources */ = {
			isa = PBXSourcesBuildPhase;
			buildActionMask = 2147483647;
			files = (
				361C264B1D36D9A00048B09B /* PrimaryContentViewController.swift in Sources */,
				36600DB21D49066F00FE4C53 /* DataManager.swift in Sources */,
				3693CEC71D381AB7002DD8A7 /* YelpClient.swift in Sources */,
				360870201D4AEF2B006956B0 /* PulleyPassthroughScrollView.swift in Sources */,
				369942751D4696C300CA04B7 /* DrawerContentViewController.swift in Sources */,
				36850E9C1D3D2AE7006D4652 /* tidbits.swift in Sources */,
				3601399E1D5A815E00BCABC3 /* UIScrollView+EmptyDataSet.m in Sources */,
				36600DAC1D486E5900FE4C53 /* CustomCell.swift in Sources */,
				362E1F531D33F5720062B9CD /* CustomPointAnnotation.swift in Sources */,
				361C26491D36D9650048B09B /* Reachability.swift in Sources */,
				361B5DDA1D357D2B00C9BCAA /* Business.swift in Sources */,
				36E112F21D2F1B6E00545BE0 /* AppDelegate.swift in Sources */,
				360870221D4AEF3A006956B0 /* PulleyViewController.swift in Sources */,
			);
			runOnlyForDeploymentPostprocessing = 0;
		};
		36E112FE1D2F1B6E00545BE0 /* Sources */ = {
			isa = PBXSourcesBuildPhase;
			buildActionMask = 2147483647;
			files = (
				36E113071D2F1B6E00545BE0 /* GainscopeTests.swift in Sources */,
			);
			runOnlyForDeploymentPostprocessing = 0;
		};
		36E113091D2F1B6E00545BE0 /* Sources */ = {
			isa = PBXSourcesBuildPhase;
			buildActionMask = 2147483647;
			files = (
				36E113121D2F1B6E00545BE0 /* GainscopeUITests.swift in Sources */,
			);
			runOnlyForDeploymentPostprocessing = 0;
		};
/* End PBXSourcesBuildPhase section */

/* Begin PBXTargetDependency section */
		36E113041D2F1B6E00545BE0 /* PBXTargetDependency */ = {
			isa = PBXTargetDependency;
			target = 36E112ED1D2F1B6E00545BE0 /* Gainscope */;
			targetProxy = 36E113031D2F1B6E00545BE0 /* PBXContainerItemProxy */;
		};
		36E1130F1D2F1B6E00545BE0 /* PBXTargetDependency */ = {
			isa = PBXTargetDependency;
			target = 36E112ED1D2F1B6E00545BE0 /* Gainscope */;
			targetProxy = 36E1130E1D2F1B6E00545BE0 /* PBXContainerItemProxy */;
		};
/* End PBXTargetDependency section */

/* Begin PBXVariantGroup section */
		36E112FA1D2F1B6E00545BE0 /* LaunchScreen.storyboard */ = {
			isa = PBXVariantGroup;
			children = (
				36E112FB1D2F1B6E00545BE0 /* Base */,
			);
			name = LaunchScreen.storyboard;
			sourceTree = "<group>";
		};
/* End PBXVariantGroup section */

/* Begin XCBuildConfiguration section */
		36E113141D2F1B6E00545BE0 /* Debug */ = {
			isa = XCBuildConfiguration;
			buildSettings = {
				ALWAYS_SEARCH_USER_PATHS = NO;
				CLANG_ANALYZER_NONNULL = YES;
				CLANG_CXX_LANGUAGE_STANDARD = "gnu++0x";
				CLANG_CXX_LIBRARY = "libc++";
				CLANG_ENABLE_MODULES = YES;
				CLANG_ENABLE_OBJC_ARC = YES;
				CLANG_WARN_BOOL_CONVERSION = YES;
				CLANG_WARN_CONSTANT_CONVERSION = YES;
				CLANG_WARN_DIRECT_OBJC_ISA_USAGE = YES_ERROR;
				CLANG_WARN_EMPTY_BODY = YES;
				CLANG_WARN_ENUM_CONVERSION = YES;
				CLANG_WARN_INT_CONVERSION = YES;
				CLANG_WARN_OBJC_ROOT_CLASS = YES_ERROR;
				CLANG_WARN_UNREACHABLE_CODE = YES;
				CLANG_WARN__DUPLICATE_METHOD_MATCH = YES;
				"CODE_SIGN_IDENTITY[sdk=iphoneos*]" = "iPhone Developer";
				COPY_PHASE_STRIP = NO;
				DEBUG_INFORMATION_FORMAT = dwarf;
				ENABLE_STRICT_OBJC_MSGSEND = YES;
				ENABLE_TESTABILITY = YES;
				GCC_C_LANGUAGE_STANDARD = gnu99;
				GCC_DYNAMIC_NO_PIC = NO;
				GCC_NO_COMMON_BLOCKS = YES;
				GCC_OPTIMIZATION_LEVEL = 0;
				GCC_PREPROCESSOR_DEFINITIONS = (
					"DEBUG=1",
					"$(inherited)",
				);
				GCC_WARN_64_TO_32_BIT_CONVERSION = YES;
				GCC_WARN_ABOUT_RETURN_TYPE = YES_ERROR;
				GCC_WARN_UNDECLARED_SELECTOR = YES;
				GCC_WARN_UNINITIALIZED_AUTOS = YES_AGGRESSIVE;
				GCC_WARN_UNUSED_FUNCTION = YES;
				GCC_WARN_UNUSED_VARIABLE = YES;
				IPHONEOS_DEPLOYMENT_TARGET = 9.3;
				MTL_ENABLE_DEBUG_INFO = YES;
				ONLY_ACTIVE_ARCH = YES;
				SDKROOT = iphoneos;
				SWIFT_OBJC_BRIDGING_HEADER = "Gainscope/Gainscope-Bridging-Header.h";
				SWIFT_OPTIMIZATION_LEVEL = "-Onone";
				TARGETED_DEVICE_FAMILY = "1,2";
			};
			name = Debug;
		};
		36E113151D2F1B6E00545BE0 /* Release */ = {
			isa = XCBuildConfiguration;
			buildSettings = {
				ALWAYS_SEARCH_USER_PATHS = NO;
				CLANG_ANALYZER_NONNULL = YES;
				CLANG_CXX_LANGUAGE_STANDARD = "gnu++0x";
				CLANG_CXX_LIBRARY = "libc++";
				CLANG_ENABLE_MODULES = YES;
				CLANG_ENABLE_OBJC_ARC = YES;
				CLANG_WARN_BOOL_CONVERSION = YES;
				CLANG_WARN_CONSTANT_CONVERSION = YES;
				CLANG_WARN_DIRECT_OBJC_ISA_USAGE = YES_ERROR;
				CLANG_WARN_EMPTY_BODY = YES;
				CLANG_WARN_ENUM_CONVERSION = YES;
				CLANG_WARN_INT_CONVERSION = YES;
				CLANG_WARN_OBJC_ROOT_CLASS = YES_ERROR;
				CLANG_WARN_UNREACHABLE_CODE = YES;
				CLANG_WARN__DUPLICATE_METHOD_MATCH = YES;
				"CODE_SIGN_IDENTITY[sdk=iphoneos*]" = "iPhone Developer";
				COPY_PHASE_STRIP = NO;
				DEBUG_INFORMATION_FORMAT = "dwarf-with-dsym";
				ENABLE_NS_ASSERTIONS = NO;
				ENABLE_STRICT_OBJC_MSGSEND = YES;
				GCC_C_LANGUAGE_STANDARD = gnu99;
				GCC_NO_COMMON_BLOCKS = YES;
				GCC_WARN_64_TO_32_BIT_CONVERSION = YES;
				GCC_WARN_ABOUT_RETURN_TYPE = YES_ERROR;
				GCC_WARN_UNDECLARED_SELECTOR = YES;
				GCC_WARN_UNINITIALIZED_AUTOS = YES_AGGRESSIVE;
				GCC_WARN_UNUSED_FUNCTION = YES;
				GCC_WARN_UNUSED_VARIABLE = YES;
				IPHONEOS_DEPLOYMENT_TARGET = 9.3;
				MTL_ENABLE_DEBUG_INFO = NO;
				SDKROOT = iphoneos;
				SWIFT_OBJC_BRIDGING_HEADER = "Gainscope/Gainscope-Bridging-Header.h";
				SWIFT_OPTIMIZATION_LEVEL = "-Owholemodule";
				TARGETED_DEVICE_FAMILY = "1,2";
				VALIDATE_PRODUCT = YES;
			};
			name = Release;
		};
		36E113171D2F1B6E00545BE0 /* Debug */ = {
			isa = XCBuildConfiguration;
			baseConfigurationReference = 72C0E9A08B7F7AE27FB6C097 /* Pods-Gainscope.debug.xcconfig */;
			buildSettings = {
				ALWAYS_EMBED_SWIFT_STANDARD_LIBRARIES = YES;
				ASSETCATALOG_COMPILER_APPICON_NAME = AppIcon;
				CLANG_ENABLE_MODULES = YES;
				INFOPLIST_FILE = Gainscope/Info.plist;
				LD_RUNPATH_SEARCH_PATHS = "$(inherited) @executable_path/Frameworks";
				PRODUCT_BUNDLE_IDENTIFIER = tangert.Gainscope;
				PRODUCT_NAME = "$(TARGET_NAME)";
				SWIFT_INSTALL_OBJC_HEADER = NO;
				SWIFT_OBJC_BRIDGING_HEADER = "Gainscope/Gainscope-Bridging-Header.h";
				SWIFT_OPTIMIZATION_LEVEL = "-Onone";
				SWIFT_VERSION = 3.0;
			};
			name = Debug;
		};
		36E113181D2F1B6E00545BE0 /* Release */ = {
			isa = XCBuildConfiguration;
			baseConfigurationReference = 72A03480028FF00F66631227 /* Pods-Gainscope.release.xcconfig */;
			buildSettings = {
				ALWAYS_EMBED_SWIFT_STANDARD_LIBRARIES = YES;
				ASSETCATALOG_COMPILER_APPICON_NAME = AppIcon;
				CLANG_ENABLE_MODULES = YES;
				INFOPLIST_FILE = Gainscope/Info.plist;
				LD_RUNPATH_SEARCH_PATHS = "$(inherited) @executable_path/Frameworks";
				PRODUCT_BUNDLE_IDENTIFIER = tangert.Gainscope;
				PRODUCT_NAME = "$(TARGET_NAME)";
				SWIFT_INSTALL_OBJC_HEADER = NO;
				SWIFT_OBJC_BRIDGING_HEADER = "Gainscope/Gainscope-Bridging-Header.h";
				SWIFT_OPTIMIZATION_LEVEL = "-Owholemodule";
				SWIFT_VERSION = 3.0;
			};
			name = Release;
		};
		36E1131A1D2F1B6E00545BE0 /* Debug */ = {
			isa = XCBuildConfiguration;
			baseConfigurationReference = 8FA588771522E45DF3AEBFF8 /* Pods-GainscopeTests.debug.xcconfig */;
			buildSettings = {
				BUNDLE_LOADER = "$(TEST_HOST)";
				INFOPLIST_FILE = GainscopeTests/Info.plist;
				LD_RUNPATH_SEARCH_PATHS = "$(inherited) @executable_path/Frameworks @loader_path/Frameworks";
				PRODUCT_BUNDLE_IDENTIFIER = tangert.GainscopeTests;
				PRODUCT_NAME = "$(TARGET_NAME)";
				SWIFT_VERSION = 3.0;
				TEST_HOST = "$(BUILT_PRODUCTS_DIR)/Gainscope.app/Gainscope";
			};
			name = Debug;
		};
		36E1131B1D2F1B6E00545BE0 /* Release */ = {
			isa = XCBuildConfiguration;
			baseConfigurationReference = 1EEFE6ACE4339494B9BE057F /* Pods-GainscopeTests.release.xcconfig */;
			buildSettings = {
				BUNDLE_LOADER = "$(TEST_HOST)";
				INFOPLIST_FILE = GainscopeTests/Info.plist;
				LD_RUNPATH_SEARCH_PATHS = "$(inherited) @executable_path/Frameworks @loader_path/Frameworks";
				PRODUCT_BUNDLE_IDENTIFIER = tangert.GainscopeTests;
				PRODUCT_NAME = "$(TARGET_NAME)";
				SWIFT_OPTIMIZATION_LEVEL = "-Owholemodule";
				SWIFT_VERSION = 3.0;
				TEST_HOST = "$(BUILT_PRODUCTS_DIR)/Gainscope.app/Gainscope";
			};
			name = Release;
		};
		36E1131D1D2F1B6E00545BE0 /* Debug */ = {
			isa = XCBuildConfiguration;
			baseConfigurationReference = 07A4CB40585046541F9D3D17 /* Pods-GainscopeUITests.debug.xcconfig */;
			buildSettings = {
				INFOPLIST_FILE = GainscopeUITests/Info.plist;
				LD_RUNPATH_SEARCH_PATHS = "$(inherited) @executable_path/Frameworks @loader_path/Frameworks";
				PRODUCT_BUNDLE_IDENTIFIER = tangert.GainscopeUITests;
				PRODUCT_NAME = "$(TARGET_NAME)";
				SWIFT_VERSION = 3.0;
				TEST_TARGET_NAME = Gainscope;
			};
			name = Debug;
		};
		36E1131E1D2F1B6E00545BE0 /* Release */ = {
			isa = XCBuildConfiguration;
			baseConfigurationReference = 792347157D3986308F048C04 /* Pods-GainscopeUITests.release.xcconfig */;
			buildSettings = {
				INFOPLIST_FILE = GainscopeUITests/Info.plist;
				LD_RUNPATH_SEARCH_PATHS = "$(inherited) @executable_path/Frameworks @loader_path/Frameworks";
				PRODUCT_BUNDLE_IDENTIFIER = tangert.GainscopeUITests;
				PRODUCT_NAME = "$(TARGET_NAME)";
				SWIFT_OPTIMIZATION_LEVEL = "-Owholemodule";
				SWIFT_VERSION = 3.0;
				TEST_TARGET_NAME = Gainscope;
			};
			name = Release;
		};
/* End XCBuildConfiguration section */

/* Begin XCConfigurationList section */
		36E112E91D2F1B6E00545BE0 /* Build configuration list for PBXProject "Gainscope" */ = {
			isa = XCConfigurationList;
			buildConfigurations = (
				36E113141D2F1B6E00545BE0 /* Debug */,
				36E113151D2F1B6E00545BE0 /* Release */,
			);
			defaultConfigurationIsVisible = 0;
			defaultConfigurationName = Release;
		};
		36E113161D2F1B6E00545BE0 /* Build configuration list for PBXNativeTarget "Gainscope" */ = {
			isa = XCConfigurationList;
			buildConfigurations = (
				36E113171D2F1B6E00545BE0 /* Debug */,
				36E113181D2F1B6E00545BE0 /* Release */,
			);
			defaultConfigurationIsVisible = 0;
			defaultConfigurationName = Release;
		};
		36E113191D2F1B6E00545BE0 /* Build configuration list for PBXNativeTarget "GainscopeTests" */ = {
			isa = XCConfigurationList;
			buildConfigurations = (
				36E1131A1D2F1B6E00545BE0 /* Debug */,
				36E1131B1D2F1B6E00545BE0 /* Release */,
			);
			defaultConfigurationIsVisible = 0;
			defaultConfigurationName = Release;
		};
		36E1131C1D2F1B6E00545BE0 /* Build configuration list for PBXNativeTarget "GainscopeUITests" */ = {
			isa = XCConfigurationList;
			buildConfigurations = (
				36E1131D1D2F1B6E00545BE0 /* Debug */,
				36E1131E1D2F1B6E00545BE0 /* Release */,
			);
			defaultConfigurationIsVisible = 0;
			defaultConfigurationName = Release;
		};
/* End XCConfigurationList section */
	};
	rootObject = 36E112E61D2F1B6E00545BE0 /* Project object */;
}
